langcode: en
status: true
dependencies:
  config:
    - views.view.localgov_sitewide_search
  module:
    - system
    - views
  theme:
    - localgov_theme
id: localgov_sitewide_search_block
theme: localgov_theme
region: content_top
weight: -100
provider: null
plugin: 'views_exposed_filter_block:localgov_sitewide_search-sitewide_search_page'
settings:
  id: 'views_exposed_filter_block:localgov_sitewide_search-sitewide_search_page'
  label: ''
  provider: views
  label_display: '0'
  views_label: ''
visibility:
  request_path:
    id: request_path
    pages: /search
    negate: false
